
Microsoft Visual Studio Solution File, Format Version 12.00
# Visual Studio 2013
VisualStudioVersion = 12.0.31101.0
MinimumVisualStudioVersion = 10.0.40219.1
Project("{FAE04EC0-301F-11D3-BF4B-00C04F79EFBC}") = "Sitecore.S3.MediaLibrary", "Sitecore.S3.MediaLibrary\Sitecore.S3.MediaLibrary.csproj", "{A745F78D-F942-4649-965D-4141648AACC3}"
EndProject
Project("{CAA73BB0-EF22-4D79-A57E-DF67B3BA9C80}") = "Sitecore.S3.Master", "Sitecore.S3.Master\Sitecore.S3.Master.scproj", "{571D8523-5055-4AC3-8DD5-EA9E23A62152}"
EndProject
Global
	GlobalSection(SolutionConfigurationPlatforms) = preSolution
		Debug|Any CPU = Debug|Any CPU
		Release|Any CPU = Release|Any CPU
	EndGlobalSection
	GlobalSection(ProjectConfigurationPlatforms) = postSolution
		{A745F78D-F942-4649-965D-4141648AACC3}.Debug|Any CPU.ActiveCfg = Debug|Any CPU
		{A745F78D-F942-4649-965D-4141648AACC3}.Debug|Any CPU.Build.0 = Debug|Any CPU
		{A745F78D-F942-4649-965D-4141648AACC3}.Release|Any CPU.ActiveCfg = Release|Any CPU
		{A745F78D-F942-4649-965D-4141648AACC3}.Release|Any CPU.Build.0 = Release|Any CPU
		{571D8523-5055-4AC3-8DD5-EA9E23A62152}.Debug|Any CPU.ActiveCfg = Debug|Any CPU
		{571D8523-5055-4AC3-8DD5-EA9E23A62152}.Debug|Any CPU.Build.0 = Debug|Any CPU
		{571D8523-5055-4AC3-8DD5-EA9E23A62152}.Debug|Any CPU.Deploy.0 = Debug|Any CPU
		{571D8523-5055-4AC3-8DD5-EA9E23A62152}.Release|Any CPU.ActiveCfg = Release|Any CPU
		{571D8523-5055-4AC3-8DD5-EA9E23A62152}.Release|Any CPU.Build.0 = Release|Any CPU
		{571D8523-5055-4AC3-8DD5-EA9E23A62152}.Release|Any CPU.Deploy.0 = Release|Any CPU
	EndGlobalSection
	GlobalSection(SolutionProperties) = preSolution
		HideSolutionNode = FALSE
	EndGlobalSection
EndGlobal
